
Microsoft Visual Studio Solution File, Format Version 12.00
# Visual Studio 2012
Project("{FAE04EC0-301F-11D3-BF4B-00C04F79EFBC}") = "Beepas.Web", "Beepas.Web\Beepas.Web.csproj", "{F1312770-B48F-4791-BCFD-33B8B64752C0}"
EndProject
Project("{FAE04EC0-301F-11D3-BF4B-00C04F79EFBC}") = "Beepas.Processor", "Beepas.Processor\Beepas.Processor.csproj", "{57795C42-8008-4EFD-B3E3-5E41B7DBFE5D}"
EndProject
Global
	GlobalSection(SolutionConfigurationPlatforms) = preSolution
		Debug|Any CPU = Debug|Any CPU
		Release|Any CPU = Release|Any CPU
	EndGlobalSection
	GlobalSection(ProjectConfigurationPlatforms) = postSolution
		{F1312770-B48F-4791-BCFD-33B8B64752C0}.Debug|Any CPU.ActiveCfg = Debug|Any CPU
		{F1312770-B48F-4791-BCFD-33B8B64752C0}.Debug|Any CPU.Build.0 = Debug|Any CPU
		{F1312770-B48F-4791-BCFD-33B8B64752C0}.Release|Any CPU.ActiveCfg = Release|Any CPU
		{F1312770-B48F-4791-BCFD-33B8B64752C0}.Release|Any CPU.Build.0 = Release|Any CPU
		{57795C42-8008-4EFD-B3E3-5E41B7DBFE5D}.Debug|Any CPU.ActiveCfg = Debug|Any CPU
		{57795C42-8008-4EFD-B3E3-5E41B7DBFE5D}.Debug|Any CPU.Build.0 = Debug|Any CPU
		{57795C42-8008-4EFD-B3E3-5E41B7DBFE5D}.Release|Any CPU.ActiveCfg = Release|Any CPU
		{57795C42-8008-4EFD-B3E3-5E41B7DBFE5D}.Release|Any CPU.Build.0 = Release|Any CPU
	EndGlobalSection
	GlobalSection(SolutionProperties) = preSolution
		HideSolutionNode = FALSE
	EndGlobalSection
EndGlobal
